
Microsoft Visual Studio Solution File, Format Version 12.00
# Visual Studio 14
VisualStudioVersion = 14.0.25420.1
MinimumVisualStudioVersion = 10.0.40219.1
Project("{FAE04EC0-301F-11D3-BF4B-00C04F79EFBC}") = "Ntreev.Library.Commands", "Ntreev.Library.Commands\Ntreev.Library.Commands.csproj", "{CEB280C0-463F-4E09-A00C-CE3A8326F6FF}"
EndProject
Project("{FAE04EC0-301F-11D3-BF4B-00C04F79EFBC}") = "Ntreev.Library.Commands.Shell", "Ntreev.Library.Commands.Shell\Ntreev.Library.Commands.Shell.csproj", "{B28150A9-B0E4-4B84-A6BB-120117C06FA9}"
EndProject
Project("{FAE04EC0-301F-11D3-BF4B-00C04F79EFBC}") = "Ntreev.Library.Commands.Parse", "Ntreev.Library.Commands.Parse\Ntreev.Library.Commands.Parse.csproj", "{ACCCA729-C11D-4484-AFA5-E1A4316C238C}"
EndProject
Project("{FAE04EC0-301F-11D3-BF4B-00C04F79EFBC}") = "Ntreev.Library.Commands.Invoke", "Ntreev.Library.Commands.Invoke\Ntreev.Library.Commands.Invoke.csproj", "{2BA6D207-B745-4F34-8819-5BA84AF90C83}"
EndProject
Project("{2150E333-8FDC-42A3-9474-1A3956D46DE8}") = "Example", "Example", "{009A3638-5A06-426A-8BC5-4593E6590ACA}"
EndProject
Project("{2150E333-8FDC-42A3-9474-1A3956D46DE8}") = "Library", "Library", "{88532A9D-DB6F-48BD-98FE-D4ED25426980}"
EndProject
Global
	GlobalSection(SolutionConfigurationPlatforms) = preSolution
		Debug|Any CPU = Debug|Any CPU
		Release|Any CPU = Release|Any CPU
	EndGlobalSection
	GlobalSection(ProjectConfigurationPlatforms) = postSolution
		{CEB280C0-463F-4E09-A00C-CE3A8326F6FF}.Debug|Any CPU.ActiveCfg = Debug|Any CPU
		{CEB280C0-463F-4E09-A00C-CE3A8326F6FF}.Debug|Any CPU.Build.0 = Debug|Any CPU
		{CEB280C0-463F-4E09-A00C-CE3A8326F6FF}.Release|Any CPU.ActiveCfg = Release|Any CPU
		{CEB280C0-463F-4E09-A00C-CE3A8326F6FF}.Release|Any CPU.Build.0 = Release|Any CPU
		{B28150A9-B0E4-4B84-A6BB-120117C06FA9}.Debug|Any CPU.ActiveCfg = Debug|Any CPU
		{B28150A9-B0E4-4B84-A6BB-120117C06FA9}.Debug|Any CPU.Build.0 = Debug|Any CPU
		{B28150A9-B0E4-4B84-A6BB-120117C06FA9}.Release|Any CPU.ActiveCfg = Release|Any CPU
		{B28150A9-B0E4-4B84-A6BB-120117C06FA9}.Release|Any CPU.Build.0 = Release|Any CPU
		{ACCCA729-C11D-4484-AFA5-E1A4316C238C}.Debug|Any CPU.ActiveCfg = Debug|Any CPU
		{ACCCA729-C11D-4484-AFA5-E1A4316C238C}.Debug|Any CPU.Build.0 = Debug|Any CPU
		{ACCCA729-C11D-4484-AFA5-E1A4316C238C}.Release|Any CPU.ActiveCfg = Release|Any CPU
		{ACCCA729-C11D-4484-AFA5-E1A4316C238C}.Release|Any CPU.Build.0 = Release|Any CPU
		{2BA6D207-B745-4F34-8819-5BA84AF90C83}.Debug|Any CPU.ActiveCfg = Debug|Any CPU
		{2BA6D207-B745-4F34-8819-5BA84AF90C83}.Debug|Any CPU.Build.0 = Debug|Any CPU
		{2BA6D207-B745-4F34-8819-5BA84AF90C83}.Release|Any CPU.ActiveCfg = Release|Any CPU
		{2BA6D207-B745-4F34-8819-5BA84AF90C83}.Release|Any CPU.Build.0 = Release|Any CPU
	EndGlobalSection
	GlobalSection(SolutionProperties) = preSolution
		HideSolutionNode = FALSE
	EndGlobalSection
	GlobalSection(NestedProjects) = preSolution
		{CEB280C0-463F-4E09-A00C-CE3A8326F6FF} = {88532A9D-DB6F-48BD-98FE-D4ED25426980}
		{B28150A9-B0E4-4B84-A6BB-120117C06FA9} = {009A3638-5A06-426A-8BC5-4593E6590ACA}
		{ACCCA729-C11D-4484-AFA5-E1A4316C238C} = {009A3638-5A06-426A-8BC5-4593E6590ACA}
		{2BA6D207-B745-4F34-8819-5BA84AF90C83} = {009A3638-5A06-426A-8BC5-4593E6590ACA}
	EndGlobalSection
EndGlobal
